# This file is automatically @generated by Cargo.
# It is not intended for manual editing.
version = 3

[[package]]
name = "algorithm"
version = "0.1.0"

[[package]]
name = "leetcode_26"
version = "0.1.0"

[[package]]
name = "leetcode_27"
version = "0.1.0"
dependencies = [
 "leetcode_27_lib",
]

[[package]]
name = "leetcode_27_lib"
version = "0.1.0"

[[package]]
name = "leetcode_80"
version = "0.1.0"

[[package]]
name = "leetcode_88"
version = "0.1.0"
dependencies = [
 "leetcode_88_lib",
]

[[package]]
name = "leetcode_88_lib"
version = "0.1.0"
